
Microsoft Visual Studio Solution File, Format Version 12.00
# Visual Studio Version 17
VisualStudioVersion = 17.5.33516.290
MinimumVisualStudioVersion = 10.0.40219.1
Project("{FAE04EC0-301F-11D3-BF4B-00C04F79EFBC}") = "Phonetable", "Phonetable\Phonetable.csproj", "{9AEE74F5-F29C-41F1-8284-A9E5E2388718}"
EndProject
Global
	GlobalSection(SolutionConfigurationPlatforms) = preSolution
		Debug|Any CPU = Debug|Any CPU
		Release|Any CPU = Release|Any CPU
	EndGlobalSection
	GlobalSection(ProjectConfigurationPlatforms) = postSolution
		{9AEE74F5-F29C-41F1-8284-A9E5E2388718}.Debug|Any CPU.ActiveCfg = Debug|Any CPU
		{9AEE74F5-F29C-41F1-8284-A9E5E2388718}.Debug|Any CPU.Build.0 = Debug|Any CPU
		{9AEE74F5-F29C-41F1-8284-A9E5E2388718}.Release|Any CPU.ActiveCfg = Release|Any CPU
		{9AEE74F5-F29C-41F1-8284-A9E5E2388718}.Release|Any CPU.Build.0 = Release|Any CPU
	EndGlobalSection
	GlobalSection(SolutionProperties) = preSolution
		HideSolutionNode = FALSE
	EndGlobalSection
	GlobalSection(ExtensibilityGlobals) = postSolution
		SolutionGuid = {BADBAFDA-9045-403B-9231-093455069D70}
	EndGlobalSection
EndGlobal
